
Microsoft Visual Studio Solution File, Format Version 12.00
# Visual Studio Version 17
VisualStudioVersion = 17.0.31919.166
MinimumVisualStudioVersion = 10.0.40219.1
Project("{FAE04EC0-301F-11D3-BF4B-00C04F79EFBC}") = "Ben10_PI", "Ben10_PI\Ben10_PI.csproj", "{D2AE35B0-5E2F-49D6-9CCB-1D857B2357F6}"
EndProject
Global
	GlobalSection(SolutionConfigurationPlatforms) = preSolution
		Debug|Any CPU = Debug|Any CPU
		Release|Any CPU = Release|Any CPU
	EndGlobalSection
	GlobalSection(ProjectConfigurationPlatforms) = postSolution
		{D2AE35B0-5E2F-49D6-9CCB-1D857B2357F6}.Debug|Any CPU.ActiveCfg = Debug|Any CPU
		{D2AE35B0-5E2F-49D6-9CCB-1D857B2357F6}.Debug|Any CPU.Build.0 = Debug|Any CPU
		{D2AE35B0-5E2F-49D6-9CCB-1D857B2357F6}.Release|Any CPU.ActiveCfg = Release|Any CPU
		{D2AE35B0-5E2F-49D6-9CCB-1D857B2357F6}.Release|Any CPU.Build.0 = Release|Any CPU
	EndGlobalSection
	GlobalSection(SolutionProperties) = preSolution
		HideSolutionNode = FALSE
	EndGlobalSection
	GlobalSection(ExtensibilityGlobals) = postSolution
		SolutionGuid = {1A23431B-2296-443C-8AC7-31BBBBB67EBF}
	EndGlobalSection
EndGlobal
